{
  "name": "swagger-node-codegen",
  "version": "1.6.3",
  "lockfileVersion": 2,
  "requires": true,
  "packages": {
    "": {
      "version": "1.6.3",
      "dependencies": {
        "commander": "^2.12.2",
        "fs.extra": "1.3.2",
        "handlebars": "^4.1.2",
        "js-yaml": "^3.13.1",
        "json-schema-ref-parser": "^4.0.4",
        "lodash": "^4.17.11",
        "project-name-generator": "^2.1.6",
        "word-wrap": "1.1.0"
      },
      "bin": {
        "snc": "cli.js"
      },
      "engines": {
        "node": ">=7.6"
      }
    },
    "node_modules/argparse": {
      "version": "1.0.10",
      "resolved": "https://registry.npmjs.org/argparse/-/argparse-1.0.10.tgz",
      "integrity": "sha512-o5Roy6tNG4SL/FOkCAN6RzjiakZS25RLYFrcMttJqbdd8BWrnA+fGz57iN5Pb06pvBGvl5gQ0B48dJlslXvoTg==",
      "dependencies": {
        "sprintf-js": "~1.0.2"
      }
    },
    "node_modules/call-me-maybe": {
      "version": "1.0.1",
      "resolved": "https://registry.npmjs.org/call-me-maybe/-/call-me-maybe-1.0.1.tgz",
      "integrity": "sha1-JtII6onje1y95gJQoV8DHBak1ms="
    },
    "node_modules/commander": {
      "version": "2.12.2",
      "resolved": "https://registry.npmjs.org/commander/-/commander-2.12.2.tgz",
      "integrity": "sha512-BFnaq5ZOGcDN7FlrtBT4xxkgIToalIIxwjxLWVJ8bGTpe1LroqMiqQXdA7ygc7CRvaYS+9zfPGFnJqFSayx+AA=="
    },
    "node_modules/debug": {
      "version": "3.1.0",
      "resolved": "https://registry.npmjs.org/debug/-/debug-3.1.0.tgz",
      "integrity": "sha512-OX8XqP7/1a9cqkxYw2yXss15f26NKWBpDXQd0/uK/KPqdQhxbPa994hnzjcE2VqQpDslf55723cKPUOGSmMY3g==",
      "dependencies": {
        "ms": "2.0.0"
      }
    },
    "node_modules/esprima": {
      "version": "4.0.1",
      "resolved": "https://registry.npmjs.org/esprima/-/esprima-4.0.1.tgz",
      "integrity": "sha512-eGuFFw7Upda+g4p+QHvnW0RyTX/SVeJBDM/gCtMARO0cLuT2HcEKnTPvhjV6aGeqrCB/sbNop0Kszm0jsaWU4A==",
      "bin": {
        "esparse": "bin/esparse.js",
        "esvalidate": "bin/esvalidate.js"
      },
      "engines": {
        "node": ">=4"
      }
    },
    "node_modules/foreachasync": {
      "version": "3.0.0",
      "resolved": "https://registry.npmjs.org/foreachasync/-/foreachasync-3.0.0.tgz",
      "integrity": "sha1-VQKYfchxS+M5IJfzLgBxyd7gfPY="
    },
    "node_modules/format-util": {
      "version": "1.0.3",
      "resolved": "https://registry.npmjs.org/format-util/-/format-util-1.0.3.tgz",
      "integrity": "sha1-Ay3KShFiYqEsQ/TD7IVmQWxbLZU="
    },
    "node_modules/fs-extra": {
      "version": "0.6.4",
      "resolved": "https://registry.npmjs.org/fs-extra/-/fs-extra-0.6.4.tgz",
      "integrity": "sha1-9G8MdbeEH40gCzNIzU1pHVoJnRU=",
      "dependencies": {
        "jsonfile": "~1.0.1",
        "mkdirp": "0.3.x",
        "ncp": "~0.4.2",
        "rimraf": "~2.2.0"
      }
    },
    "node_modules/fs-extra/node_modules/jsonfile": {
      "version": "1.0.1",
      "resolved": "https://registry.npmjs.org/jsonfile/-/jsonfile-1.0.1.tgz",
      "integrity": "sha1-6l7+QLg2kLmGZ2FKc5L8YOhCwN0="
    },
    "node_modules/fs.extra": {
      "version": "1.3.2",
      "resolved": "https://registry.npmjs.org/fs.extra/-/fs.extra-1.3.2.tgz",
      "integrity": "sha1-3QI/kwE77iRTHxszUUw3sg/ZM0k=",
      "dependencies": {
        "fs-extra": "~0.6.1",
        "mkdirp": "~0.3.5",
        "walk": "^2.3.9"
      },
      "engines": {
        "node": "*"
      }
    },
    "node_modules/handlebars": {
      "version": "4.1.2",
      "resolved": "https://registry.npmjs.org/handlebars/-/handlebars-4.1.2.tgz",
      "integrity": "sha512-nvfrjqvt9xQ8Z/w0ijewdD/vvWDTOweBUm96NTr66Wfvo1mJenBLwcYmPs3TIBP5ruzYGD7Hx/DaM9RmhroGPw==",
      "dependencies": {
        "neo-async": "^2.6.0",
        "optimist": "^0.6.1",
        "source-map": "^0.6.1"
      },
      "bin": {
        "handlebars": "bin/handlebars"
      },
      "engines": {
        "node": ">=0.4.7"
      },
      "optionalDependencies": {
        "uglify-js": "^3.1.4"
      }
    },
    "node_modules/js-yaml": {
      "version": "3.13.1",
      "resolved": "https://registry.npmjs.org/js-yaml/-/js-yaml-3.13.1.tgz",
      "integrity": "sha512-YfbcO7jXDdyj0DGxYVSlSeQNHbD7XPWvrVWeVUujrQEoZzWJIRrCPoyk6kL6IAjAG2IolMK4T0hNUe0HOUs5Jw==",
      "dependencies": {
        "argparse": "^1.0.7",
        "esprima": "^4.0.0"
      },
      "bin": {
        "js-yaml": "bin/js-yaml.js"
      }
    },
    "node_modules/json-schema-ref-parser": {
      "version": "4.0.4",
      "resolved": "https://registry.npmjs.org/json-schema-ref-parser/-/json-schema-ref-parser-4.0.4.tgz",
      "integrity": "sha512-jbED8wPzWeGipggE2d7oM1kohCSZpscU+kBkkF+vjqI683y72hcPRGI/Ql1OqYK3MOnSQp+t1ZcHdQQ/MRF4UQ==",
      "dependencies": {
        "call-me-maybe": "^1.0.1",
        "debug": "^3.1.0",
        "js-yaml": "^3.10.0",
        "ono": "^4.0.2"
      }
    },
    "node_modules/lodash": {
      "version": "4.17.11",
      "resolved": "https://registry.npmjs.org/lodash/-/lodash-4.17.11.tgz",
      "integrity": "sha512-cQKh8igo5QUhZ7lg38DYWAxMvjSAKG0A8wGSVimP07SIUEK2UO+arSRKbRZWtelMtN5V0Hkwh5ryOto/SshYIg=="
    },
    "node_modules/minimist": {
      "version": "0.0.10",
      "resolved": "https://registry.npmjs.org/minimist/-/minimist-0.0.10.tgz",
      "integrity": "sha1-3j+YVD2/lggr5IrRoMfNqDYwHc8="
    },
    "node_modules/mkdirp": {
      "version": "0.3.5",
      "resolved": "https://registry.npmjs.org/mkdirp/-/mkdirp-0.3.5.tgz",
      "integrity": "sha1-3j5fiWHIjHh+4TaN+EmsRBPsqNc="
    },
    "node_modules/ms": {
      "version": "2.0.0",
      "resolved": "https://registry.npmjs.org/ms/-/ms-2.0.0.tgz",
      "integrity": "sha1-VgiurfwAvmwpAd9fmGF4jeDVl8g="
    },
    "node_modules/ncp": {
      "version": "0.4.2",
      "resolved": "https://registry.npmjs.org/ncp/-/ncp-0.4.2.tgz",
      "integrity": "sha1-q8xsvT7C7Spyn/bnwfqPAXhKhXQ=",
      "bin": {
        "ncp": "bin/ncp"
      }
    },
    "node_modules/neo-async": {
      "version": "2.6.0",
      "resolved": "https://registry.npmjs.org/neo-async/-/neo-async-2.6.0.tgz",
      "integrity": "sha512-MFh0d/Wa7vkKO3Y3LlacqAEeHK0mckVqzDieUKTT+KGxi+zIpeVsFxymkIiRpbpDziHc290Xr9A1O4Om7otoRA=="
    },
    "node_modules/ono": {
      "version": "4.0.2",
      "resolved": "https://registry.npmjs.org/ono/-/ono-4.0.2.tgz",
      "integrity": "sha512-EFXJFoeF+KkZW4lwmcPMKHp2ZU7o6CM+ccX2nPbEJKiJIdyqbIcS1v6pmNgeNJ6x4/vEYn0/8oz66qXSPnnmSQ==",
      "dependencies": {
        "format-util": "^1.0.3"
      }
    },
    "node_modules/optimist": {
      "version": "0.6.1",
      "resolved": "https://registry.npmjs.org/optimist/-/optimist-0.6.1.tgz",
      "integrity": "sha1-2j6nRob6IaGaERwybpDrFaAZZoY=",
      "dependencies": {
        "minimist": "~0.0.1",
        "wordwrap": "~0.0.2"
      }
    },
    "node_modules/project-name-generator": {
      "version": "2.1.6",
      "resolved": "https://registry.npmjs.org/project-name-generator/-/project-name-generator-2.1.6.tgz",
      "integrity": "sha512-5r5MzHoNf7GTKg0V7zZvolpip5UAQiVpfcSN6QfEK8i/fSKlusJwxzEsKty9ce8h0e5GLoQ85dIGgV1TAnj3Kg==",
      "dependencies": {
        "commander": "^2.15.1",
        "lodash": "^4.17.10"
      },
      "bin": {
        "project-name-generator": "src/generator-bin.js"
      }
    },
    "node_modules/project-name-generator/node_modules/commander": {
      "version": "2.20.0",
      "resolved": "https://registry.npmjs.org/commander/-/commander-2.20.0.tgz",
      "integrity": "sha512-7j2y+40w61zy6YC2iRNpUe/NwhNyoXrYpHMrSunaMG64nRnaf96zO/KMQR4OyN/UnE5KLyEBnKHd4aG3rskjpQ=="
    },
    "node_modules/project-name-generator/node_modules/lodash": {
      "version": "4.17.11",
      "resolved": "https://registry.npmjs.org/lodash/-/lodash-4.17.11.tgz",
      "integrity": "sha512-cQKh8igo5QUhZ7lg38DYWAxMvjSAKG0A8wGSVimP07SIUEK2UO+arSRKbRZWtelMtN5V0Hkwh5ryOto/SshYIg=="
    },
    "node_modules/rimraf": {
      "version": "2.2.8",
      "resolved": "https://registry.npmjs.org/rimraf/-/rimraf-2.2.8.tgz",
      "integrity": "sha1-5Dm+Kq7jJzIZUnMPmaiSnk/FBYI=",
      "bin": {
        "rimraf": "bin.js"
      }
    },
    "node_modules/source-map": {
      "version": "0.6.1",
      "resolved": "https://registry.npmjs.org/source-map/-/source-map-0.6.1.tgz",
      "integrity": "sha512-UjgapumWlbMhkBgzT7Ykc5YXUT46F0iKu8SGXq0bcwP5dz/h0Plj6enJqjz1Zbq2l5WaqYnrVbwWOWMyF3F47g==",
      "engines": {
        "node": ">=0.10.0"
      }
    },
    "node_modules/sprintf-js": {
      "version": "1.0.3",
      "resolved": "https://registry.npmjs.org/sprintf-js/-/sprintf-js-1.0.3.tgz",
      "integrity": "sha1-BOaSb2YolTVPPdAVIDYzuFcpfiw="
    },
    "node_modules/uglify-js": {
      "version": "3.5.6",
      "resolved": "https://registry.npmjs.org/uglify-js/-/uglify-js-3.5.6.tgz",
      "integrity": "sha512-YDKRX8F0Y+Jr7LhoVk0n4G7ltR3Y7qFAj+DtVBthlOgCcIj1hyMigCfousVfn9HKmvJ+qiFlLDwaHx44/e5ZKw==",
      "optional": true,
      "dependencies": {
        "commander": "~2.20.0",
        "source-map": "~0.6.1"
      },
      "bin": {
        "uglifyjs": "bin/uglifyjs"
      },
      "engines": {
        "node": ">=0.8.0"
      }
    },
    "node_modules/uglify-js/node_modules/commander": {
      "version": "2.20.0",
      "resolved": "https://registry.npmjs.org/commander/-/commander-2.20.0.tgz",
      "integrity": "sha512-7j2y+40w61zy6YC2iRNpUe/NwhNyoXrYpHMrSunaMG64nRnaf96zO/KMQR4OyN/UnE5KLyEBnKHd4aG3rskjpQ==",
      "optional": true
    },
    "node_modules/walk": {
      "version": "2.3.9",
      "resolved": "https://registry.npmjs.org/walk/-/walk-2.3.9.tgz",
      "integrity": "sha1-MbTbZnjyrgHDnqn7hyWpAx5Vins=",
      "dependencies": {
        "foreachasync": "^3.0.0"
      }
    },
    "node_modules/word-wrap": {
      "version": "1.1.0",
      "resolved": "https://registry.npmjs.org/word-wrap/-/word-wrap-1.1.0.tgz",
      "integrity": "sha1-NWFT1h0QYQ1gB4XF1wEojgrnZKY=",
      "engines": {
        "node": ">=0.8"
      }
    },
    "node_modules/wordwrap": {
      "version": "0.0.3",
      "resolved": "https://registry.npmjs.org/wordwrap/-/wordwrap-0.0.3.tgz",
      "integrity": "sha1-o9XabNXAvAAI03I0u68b7WMFkQc=",
      "engines": {
        "node": ">=0.4.0"
      }
    }
  },
  "dependencies": {
    "argparse": {
      "version": "1.0.10",
      "resolved": "https://registry.npmjs.org/argparse/-/argparse-1.0.10.tgz",
      "integrity": "sha512-o5Roy6tNG4SL/FOkCAN6RzjiakZS25RLYFrcMttJqbdd8BWrnA+fGz57iN5Pb06pvBGvl5gQ0B48dJlslXvoTg==",
      "requires": {
        "sprintf-js": "~1.0.2"
      }
    },
    "call-me-maybe": {
      "version": "1.0.1",
      "resolved": "https://registry.npmjs.org/call-me-maybe/-/call-me-maybe-1.0.1.tgz",
      "integrity": "sha1-JtII6onje1y95gJQoV8DHBak1ms="
    },
    "commander": {
      "version": "2.12.2",
      "resolved": "https://registry.npmjs.org/commander/-/commander-2.12.2.tgz",
      "integrity": "sha512-BFnaq5ZOGcDN7FlrtBT4xxkgIToalIIxwjxLWVJ8bGTpe1LroqMiqQXdA7ygc7CRvaYS+9zfPGFnJqFSayx+AA=="
    },
    "debug": {
      "version": "3.1.0",
      "resolved": "https://registry.npmjs.org/debug/-/debug-3.1.0.tgz",
      "integrity": "sha512-OX8XqP7/1a9cqkxYw2yXss15f26NKWBpDXQd0/uK/KPqdQhxbPa994hnzjcE2VqQpDslf55723cKPUOGSmMY3g==",
      "requires": {
        "ms": "2.0.0"
      }
    },
    "esprima": {
      "version": "4.0.1",
      "resolved": "https://registry.npmjs.org/esprima/-/esprima-4.0.1.tgz",
      "integrity": "sha512-eGuFFw7Upda+g4p+QHvnW0RyTX/SVeJBDM/gCtMARO0cLuT2HcEKnTPvhjV6aGeqrCB/sbNop0Kszm0jsaWU4A=="
    },
    "foreachasync": {
      "version": "3.0.0",
      "resolved": "https://registry.npmjs.org/foreachasync/-/foreachasync-3.0.0.tgz",
      "integrity": "sha1-VQKYfchxS+M5IJfzLgBxyd7gfPY="
    },
    "format-util": {
      "version": "1.0.3",
      "resolved": "https://registry.npmjs.org/format-util/-/format-util-1.0.3.tgz",
      "integrity": "sha1-Ay3KShFiYqEsQ/TD7IVmQWxbLZU="
    },
    "fs-extra": {
      "version": "0.6.4",
      "resolved": "https://registry.npmjs.org/fs-extra/-/fs-extra-0.6.4.tgz",
      "integrity": "sha1-9G8MdbeEH40gCzNIzU1pHVoJnRU=",
      "requires": {
        "jsonfile": "~1.0.1",
        "mkdirp": "0.3.x",
        "ncp": "~0.4.2",
        "rimraf": "~2.2.0"
      },
      "dependencies": {
        "jsonfile": {
          "version": "1.0.1",
          "resolved": "https://registry.npmjs.org/jsonfile/-/jsonfile-1.0.1.tgz",
          "integrity": "sha1-6l7+QLg2kLmGZ2FKc5L8YOhCwN0="
        }
      }
    },
    "fs.extra": {
      "version": "1.3.2",
      "resolved": "https://registry.npmjs.org/fs.extra/-/fs.extra-1.3.2.tgz",
      "integrity": "sha1-3QI/kwE77iRTHxszUUw3sg/ZM0k=",
      "requires": {
        "fs-extra": "~0.6.1",
        "mkdirp": "~0.3.5",
        "walk": "^2.3.9"
      }
    },
    "handlebars": {
      "version": "4.1.2",
      "resolved": "https://registry.npmjs.org/handlebars/-/handlebars-4.1.2.tgz",
      "integrity": "sha512-nvfrjqvt9xQ8Z/w0ijewdD/vvWDTOweBUm96NTr66Wfvo1mJenBLwcYmPs3TIBP5ruzYGD7Hx/DaM9RmhroGPw==",
      "requires": {
        "neo-async": "^2.6.0",
        "optimist": "^0.6.1",
        "source-map": "^0.6.1",
        "uglify-js": "^3.1.4"
      }
    },
    "js-yaml": {
      "version": "3.13.1",
      "resolved": "https://registry.npmjs.org/js-yaml/-/js-yaml-3.13.1.tgz",
      "integrity": "sha512-YfbcO7jXDdyj0DGxYVSlSeQNHbD7XPWvrVWeVUujrQEoZzWJIRrCPoyk6kL6IAjAG2IolMK4T0hNUe0HOUs5Jw==",
      "requires": {
        "argparse": "^1.0.7",
        "esprima": "^4.0.0"
      }
    },
    "json-schema-ref-parser": {
      "version": "4.0.4",
      "resolved": "https://registry.npmjs.org/json-schema-ref-parser/-/json-schema-ref-parser-4.0.4.tgz",
      "integrity": "sha512-jbED8wPzWeGipggE2d7oM1kohCSZpscU+kBkkF+vjqI683y72hcPRGI/Ql1OqYK3MOnSQp+t1ZcHdQQ/MRF4UQ==",
      "requires": {
        "call-me-maybe": "^1.0.1",
        "debug": "^3.1.0",
        "js-yaml": "^3.10.0",
        "ono": "^4.0.2"
      }
    },
    "lodash": {
      "version": "4.17.11",
      "resolved": "https://registry.npmjs.org/lodash/-/lodash-4.17.11.tgz",
      "integrity": "sha512-cQKh8igo5QUhZ7lg38DYWAxMvjSAKG0A8wGSVimP07SIUEK2UO+arSRKbRZWtelMtN5V0Hkwh5ryOto/SshYIg=="
    },
    "minimist": {
      "version": "0.0.10",
      "resolved": "https://registry.npmjs.org/minimist/-/minimist-0.0.10.tgz",
      "integrity": "sha1-3j+YVD2/lggr5IrRoMfNqDYwHc8="
    },
    "mkdirp": {
      "version": "0.3.5",
      "resolved": "https://registry.npmjs.org/mkdirp/-/mkdirp-0.3.5.tgz",
      "integrity": "sha1-3j5fiWHIjHh+4TaN+EmsRBPsqNc="
    },
    "ms": {
      "version": "2.0.0",
      "resolved": "https://registry.npmjs.org/ms/-/ms-2.0.0.tgz",
      "integrity": "sha1-VgiurfwAvmwpAd9fmGF4jeDVl8g="
    },
    "ncp": {
      "version": "0.4.2",
      "resolved": "https://registry.npmjs.org/ncp/-/ncp-0.4.2.tgz",
      "integrity": "sha1-q8xsvT7C7Spyn/bnwfqPAXhKhXQ="
    },
    "neo-async": {
      "version": "2.6.0",
      "resolved": "https://registry.npmjs.org/neo-async/-/neo-async-2.6.0.tgz",
      "integrity": "sha512-MFh0d/Wa7vkKO3Y3LlacqAEeHK0mckVqzDieUKTT+KGxi+zIpeVsFxymkIiRpbpDziHc290Xr9A1O4Om7otoRA=="
    },
    "ono": {
      "version": "4.0.2",
      "resolved": "https://registry.npmjs.org/ono/-/ono-4.0.2.tgz",
      "integrity": "sha512-EFXJFoeF+KkZW4lwmcPMKHp2ZU7o6CM+ccX2nPbEJKiJIdyqbIcS1v6pmNgeNJ6x4/vEYn0/8oz66qXSPnnmSQ==",
      "requires": {
        "format-util": "^1.0.3"
      }
    },
    "optimist": {
      "version": "0.6.1",
      "resolved": "https://registry.npmjs.org/optimist/-/optimist-0.6.1.tgz",
      "integrity": "sha1-2j6nRob6IaGaERwybpDrFaAZZoY=",
      "requires": {
        "minimist": "~0.0.1",
        "wordwrap": "~0.0.2"
      }
    },
    "project-name-generator": {
      "version": "2.1.6",
      "resolved": "https://registry.npmjs.org/project-name-generator/-/project-name-generator-2.1.6.tgz",
      "integrity": "sha512-5r5MzHoNf7GTKg0V7zZvolpip5UAQiVpfcSN6QfEK8i/fSKlusJwxzEsKty9ce8h0e5GLoQ85dIGgV1TAnj3Kg==",
      "requires": {
        "commander": "^2.15.1",
        "lodash": "^4.17.10"
      },
      "dependencies": {
        "commander": {
          "version": "2.20.0",
          "resolved": "https://registry.npmjs.org/commander/-/commander-2.20.0.tgz",
          "integrity": "sha512-7j2y+40w61zy6YC2iRNpUe/NwhNyoXrYpHMrSunaMG64nRnaf96zO/KMQR4OyN/UnE5KLyEBnKHd4aG3rskjpQ=="
        },
        "lodash": {
          "version": "4.17.11",
          "resolved": "https://registry.npmjs.org/lodash/-/lodash-4.17.11.tgz",
          "integrity": "sha512-cQKh8igo5QUhZ7lg38DYWAxMvjSAKG0A8wGSVimP07SIUEK2UO+arSRKbRZWtelMtN5V0Hkwh5ryOto/SshYIg=="
        }
      }
    },
    "rimraf": {
      "version": "2.2.8",
      "resolved": "https://registry.npmjs.org/rimraf/-/rimraf-2.2.8.tgz",
      "integrity": "sha1-5Dm+Kq7jJzIZUnMPmaiSnk/FBYI="
    },
    "source-map": {
      "version": "0.6.1",
      "resolved": "https://registry.npmjs.org/source-map/-/source-map-0.6.1.tgz",
      "integrity": "sha512-UjgapumWlbMhkBgzT7Ykc5YXUT46F0iKu8SGXq0bcwP5dz/h0Plj6enJqjz1Zbq2l5WaqYnrVbwWOWMyF3F47g=="
    },
    "sprintf-js": {
      "version": "1.0.3",
      "resolved": "https://registry.npmjs.org/sprintf-js/-/sprintf-js-1.0.3.tgz",
      "integrity": "sha1-BOaSb2YolTVPPdAVIDYzuFcpfiw="
    },
    "uglify-js": {
      "version": "3.5.6",
      "resolved": "https://registry.npmjs.org/uglify-js/-/uglify-js-3.5.6.tgz",
      "integrity": "sha512-YDKRX8F0Y+Jr7LhoVk0n4G7ltR3Y7qFAj+DtVBthlOgCcIj1hyMigCfousVfn9HKmvJ+qiFlLDwaHx44/e5ZKw==",
      "optional": true,
      "requires": {
        "commander": "~2.20.0",
        "source-map": "~0.6.1"
      },
      "dependencies": {
        "commander": {
          "version": "2.20.0",
          "resolved": "https://registry.npmjs.org/commander/-/commander-2.20.0.tgz",
          "integrity": "sha512-7j2y+40w61zy6YC2iRNpUe/NwhNyoXrYpHMrSunaMG64nRnaf96zO/KMQR4OyN/UnE5KLyEBnKHd4aG3rskjpQ==",
          "optional": true
        }
      }
    },
    "walk": {
      "version": "2.3.9",
      "resolved": "https://registry.npmjs.org/walk/-/walk-2.3.9.tgz",
      "integrity": "sha1-MbTbZnjyrgHDnqn7hyWpAx5Vins=",
      "requires": {
        "foreachasync": "^3.0.0"
      }
    },
    "word-wrap": {
      "version": "1.1.0",
      "resolved": "https://registry.npmjs.org/word-wrap/-/word-wrap-1.1.0.tgz",
      "integrity": "sha1-NWFT1h0QYQ1gB4XF1wEojgrnZKY="
    },
    "wordwrap": {
      "version": "0.0.3",
      "resolved": "https://registry.npmjs.org/wordwrap/-/wordwrap-0.0.3.tgz",
      "integrity": "sha1-o9XabNXAvAAI03I0u68b7WMFkQc="
    }
  }
}
